
Microsoft Visual Studio Solution File, Format Version 12.00
# Visual Studio Version 17
VisualStudioVersion = 17.9.34723.18
MinimumVisualStudioVersion = 10.0.40219.1
Project("{FAE04EC0-301F-11D3-BF4B-00C04F79EFBC}") = "Lesson5CodeFirst", "Lesson5CodeFirst\Lesson5CodeFirst.csproj", "{4C02F509-D3FF-4037-9389-C47D37D6FA13}"
EndProject
Global
	GlobalSection(SolutionConfigurationPlatforms) = preSolution
		Debug|Any CPU = Debug|Any CPU
		Release|Any CPU = Release|Any CPU
	EndGlobalSection
	GlobalSection(ProjectConfigurationPlatforms) = postSolution
		{4C02F509-D3FF-4037-9389-C47D37D6FA13}.Debug|Any CPU.ActiveCfg = Debug|Any CPU
		{4C02F509-D3FF-4037-9389-C47D37D6FA13}.Debug|Any CPU.Build.0 = Debug|Any CPU
		{4C02F509-D3FF-4037-9389-C47D37D6FA13}.Release|Any CPU.ActiveCfg = Release|Any CPU
		{4C02F509-D3FF-4037-9389-C47D37D6FA13}.Release|Any CPU.Build.0 = Release|Any CPU
	EndGlobalSection
	GlobalSection(SolutionProperties) = preSolution
		HideSolutionNode = FALSE
	EndGlobalSection
	GlobalSection(ExtensibilityGlobals) = postSolution
		SolutionGuid = {86A1C64D-5ADA-4D88-8D05-48A6327BF0BB}
	EndGlobalSection
EndGlobal
